Microsoft Visual Studio Solution File, Format Version 12.00
# Visual Studio Version 17
VisualStudioVersion = 17.5.2.0
MinimumVisualStudioVersion = 10.0.40219.1
Project("{FAE04EC0-301F-11D3-BF4B-00C04F79EFBC}") = "automation-selenium-csharp", "automation-selenium-csharp.csproj", "{DAD86EC9-335F-3DE7-712B-4E76B746866F}"
EndProject
Global
	GlobalSection(SolutionConfigurationPlatforms) = preSolution
		Debug|Any CPU = Debug|Any CPU
		Release|Any CPU = Release|Any CPU
	EndGlobalSection
	GlobalSection(ProjectConfigurationPlatforms) = postSolution
		{DAD86EC9-335F-3DE7-712B-4E76B746866F}.Debug|Any CPU.ActiveCfg = Debug|Any CPU
		{DAD86EC9-335F-3DE7-712B-4E76B746866F}.Debug|Any CPU.Build.0 = Debug|Any CPU
		{DAD86EC9-335F-3DE7-712B-4E76B746866F}.Release|Any CPU.ActiveCfg = Release|Any CPU
		{DAD86EC9-335F-3DE7-712B-4E76B746866F}.Release|Any CPU.Build.0 = Release|Any CPU
	EndGlobalSection
	GlobalSection(SolutionProperties) = preSolution
		HideSolutionNode = FALSE
	EndGlobalSection
	GlobalSection(ExtensibilityGlobals) = postSolution
		SolutionGuid = {E3AD8F33-4C34-46CA-AE07-01353A7418FD}
	EndGlobalSection
EndGlobal
